{
  "name": "Thesis-Babylon.js",
  "lockfileVersion": 3,
  "requires": true,
  "packages": {
    "": {
      "dependencies": {
        "babylonjs": "^6.48.1",
        "babylonjs-loaders": "^6.48.1"
      }
    },
    "node_modules/babylonjs": {
      "version": "6.48.1",
      "resolved": "https://registry.npmjs.org/babylonjs/-/babylonjs-6.48.1.tgz",
      "integrity": "sha512-xSc6pdSPkhVheg6xvsHGuurqZojxvAFbMGhcSjC/K1Bjb/7fpB1ahg8tnTwICfhdw8APYXJrYctXXjfsk88Ahg==",
      "hasInstallScript": true
    },
    "node_modules/babylonjs-gltf2interface": {
      "version": "6.48.1",
      "resolved": "https://registry.npmjs.org/babylonjs-gltf2interface/-/babylonjs-gltf2interface-6.48.1.tgz",
      "integrity": "sha512-lrRXg7it9H6W4E10SVJILv3pBNmRP1V3du+kwRGUyGJO6tWmhaanDu0W3uZpalBp2ts+qQuEgahRgfkWrXxNaA=="
    },
    "node_modules/babylonjs-loaders": {
      "version": "6.48.1",
      "resolved": "https://registry.npmjs.org/babylonjs-loaders/-/babylonjs-loaders-6.48.1.tgz",
      "integrity": "sha512-8pYFl8Z2tgojYLvr0R+3FCyzDnfkKrq1BG3/IA+YpgLiKD/r1ep/xQceSeTfqo2y1gyl9ycZ46IoR3dVJpggzQ==",
      "dependencies": {
        "babylonjs": "^6.48.1",
        "babylonjs-gltf2interface": "^6.48.1"
      }
    }
  }
}
